
Microsoft Visual Studio Solution File, Format Version 11.00
# Visual Studio 2010
Project("{FAE04EC0-301F-11D3-BF4B-00C04F79EFBC}") = "Shripada", "Shripada\Shripada.csproj", "{45FFCFE8-EDE5-4FCF-BB97-4F68B49CAE95}"
EndProject
Global
	GlobalSection(SolutionConfigurationPlatforms) = preSolution
		Debug|x86 = Debug|x86
		Release|x86 = Release|x86
	EndGlobalSection
	GlobalSection(ProjectConfigurationPlatforms) = postSolution
		{45FFCFE8-EDE5-4FCF-BB97-4F68B49CAE95}.Debug|x86.ActiveCfg = Debug|x86
		{45FFCFE8-EDE5-4FCF-BB97-4F68B49CAE95}.Debug|x86.Build.0 = Debug|x86
		{45FFCFE8-EDE5-4FCF-BB97-4F68B49CAE95}.Release|x86.ActiveCfg = Release|x86
		{45FFCFE8-EDE5-4FCF-BB97-4F68B49CAE95}.Release|x86.Build.0 = Release|x86
	EndGlobalSection
	GlobalSection(SolutionProperties) = preSolution
		HideSolutionNode = FALSE
	EndGlobalSection
EndGlobal
